
Microsoft Visual Studio Solution File, Format Version 12.00
# Visual Studio Version 17
VisualStudioVersion = 17.11.35303.130
MinimumVisualStudioVersion = 10.0.40219.1
Project("{FAE04EC0-301F-11D3-BF4B-00C04F79EFBC}") = "ra5-actividades", "ra5-actividades\ra5-actividades.csproj", "{F635D79A-938F-45EF-9719-1081050CBEB8}"
EndProject
Global
	GlobalSection(SolutionConfigurationPlatforms) = preSolution
		Debug|Any CPU = Debug|Any CPU
		Release|Any CPU = Release|Any CPU
	EndGlobalSection
	GlobalSection(ProjectConfigurationPlatforms) = postSolution
		{F635D79A-938F-45EF-9719-1081050CBEB8}.Debug|Any CPU.ActiveCfg = Debug|Any CPU
		{F635D79A-938F-45EF-9719-1081050CBEB8}.Debug|Any CPU.Build.0 = Debug|Any CPU
		{F635D79A-938F-45EF-9719-1081050CBEB8}.Release|Any CPU.ActiveCfg = Release|Any CPU
		{F635D79A-938F-45EF-9719-1081050CBEB8}.Release|Any CPU.Build.0 = Release|Any CPU
	EndGlobalSection
	GlobalSection(SolutionProperties) = preSolution
		HideSolutionNode = FALSE
	EndGlobalSection
	GlobalSection(ExtensibilityGlobals) = postSolution
		SolutionGuid = {BFAA06F0-0581-432B-86F4-E059352823E1}
	EndGlobalSection
EndGlobal
